<Solution>
  <Folder Name="/src/">
    <Project Path="src/PoMarriedFight.Shared/PoMarriedFight.Shared.csproj" />
    <Project Path="src/PoMarriedFight.Api/PoMarriedFight.Api.csproj" />
    <Project Path="src/PoMarriedFight.Client/PoMarriedFight.Client.csproj" />
  </Folder>
  <Folder Name="/tests/">
    <Project Path="tests/PoMarriedFight.TestSupport/PoMarriedFight.TestSupport.csproj" />
    <Project Path="tests/PoMarriedFight.Unit/PoMarriedFight.Unit.csproj" />
    <Project Path="tests/PoMarriedFight.Integration/PoMarriedFight.Integration.csproj" />
    <Project Path="tests/PoMarriedFight.E2EAPI/PoMarriedFight.E2EAPI.csproj" />
    <Project Path="tests/PoMarriedFight.E2EUI/PoMarriedFight.E2EUI.csproj" />
  </Folder>
</Solution>
